
Microsoft Visual Studio Solution File, Format Version 12.00
# Visual Studio 14
VisualStudioVersion = 14.0.22823.1
MinimumVisualStudioVersion = 10.0.40219.1
Project("{FAE04EC0-301F-11D3-BF4B-00C04F79EFBC}") = "Fosol.NuGetWrapper", "Fosol.NuGetWrapper\Fosol.NuGetWrapper.csproj", "{D5B0AC0F-D80B-4685-A0F6-48FC871BC207}"
EndProject
Project("{2150E333-8FDC-42A3-9474-1A3956D46DE8}") = "Solution Items", "Solution Items", "{DBDE6B62-5704-4CC1-922E-7999AEB4B93B}"
	ProjectSection(SolutionItems) = preProject
		README.md = README.md
	EndProjectSection
EndProject
Global
	GlobalSection(SolutionConfigurationPlatforms) = preSolution
		Debug|Any CPU = Debug|Any CPU
		Release|Any CPU = Release|Any CPU
	EndGlobalSection
	GlobalSection(ProjectConfigurationPlatforms) = postSolution
		{D5B0AC0F-D80B-4685-A0F6-48FC871BC207}.Debug|Any CPU.ActiveCfg = Debug|Any CPU
		{D5B0AC0F-D80B-4685-A0F6-48FC871BC207}.Debug|Any CPU.Build.0 = Debug|Any CPU
		{D5B0AC0F-D80B-4685-A0F6-48FC871BC207}.Release|Any CPU.ActiveCfg = Release|Any CPU
		{D5B0AC0F-D80B-4685-A0F6-48FC871BC207}.Release|Any CPU.Build.0 = Release|Any CPU
	EndGlobalSection
	GlobalSection(SolutionProperties) = preSolution
		HideSolutionNode = FALSE
	EndGlobalSection
EndGlobal
